{
  "name": "jfly",
  "version": "1.0.0",
  "lockfileVersion": 1,
  "requires": true,
  "dependencies": {
    "jquery": {
      "version": "3.3.1",
      "resolved": "https://registry.npmjs.org/jquery/-/jquery-3.3.1.tgz",
      "integrity": "sha512-Ubldcmxp5np52/ENotGxlLe6aGMvmF4R8S6tZjsP6Knsaxd/xp3Zrh50cG93lR6nPXyUFwzN3ZSOQI0wRJNdGg=="
    },
    "material-icons": {
      "version": "0.1.0",
      "resolved": "https://registry.npmjs.org/material-icons/-/material-icons-0.1.0.tgz",
      "integrity": "sha1-rz2RF3Z71879HylJP916tKkxy8g="
    },
    "vue": {
      "version": "2.5.16",
      "resolved": "https://registry.npmjs.org/vue/-/vue-2.5.16.tgz",
      "integrity": "sha512-/ffmsiVuPC8PsWcFkZngdpas19ABm5mh2wA7iDqcltyCTwlgZjHGeJYOXkBMo422iPwIcviOtrTCUpSfXmToLQ=="
    },
    "vuetify": {
      "version": "1.0.8",
      "resolved": "https://registry.npmjs.org/vuetify/-/vuetify-1.0.8.tgz",
      "integrity": "sha512-RdUBcvCeAJ8reYM/BPMg6QH6HUYyrqD0EfE8ro6pFBBFMyBQ6pL7S8wd3Jf+gaTyBATOOkV/0Qt6d3Zgu3tcxA=="
    }
  }
}
